{
  "version": 4,
  "terraform_version": "1.5.7",
  "serial": 58,
  "lineage": "c70ee3d5-2b93-1aae-5201-3bf82b28ce64",
  "outputs": {
    "image_url": {
      "value": "us-central1-docker.pkg.dev/datahacks26-493800/allerion/backend:latest",
      "type": "string"
    },
    "service_account": {
      "value": "allerion-run@datahacks26-493800.iam.gserviceaccount.com",
      "type": "string"
    },
    "service_url": {
      "value": "https://allerion-yho3hnnula-uc.a.run.app",
      "type": "string"
    }
  },
  "resources": [
    {
      "mode": "managed",
      "type": "google_artifact_registry_repository",
      "name": "allerion",
      "provider": "provider[\"registry.terraform.io/hashicorp/google\"]",
      "instances": [
        {
          "schema_version": 0,
          "attributes": {
            "cleanup_policies": [],
            "cleanup_policy_dry_run": false,
            "create_time": "2026-04-19T10:51:56.697774Z",
            "description": "",
            "docker_config": [],
            "effective_labels": {},
            "format": "DOCKER",
            "id": "projects/datahacks26-493800/locations/us-central1/repositories/allerion",
            "kms_key_name": "",
            "labels": {},
            "location": "us-central1",
            "maven_config": [],
            "mode": "STANDARD_REPOSITORY",
            "name": "allerion",
            "project": "datahacks26-493800",
            "remote_repository_config": [],
            "repository_id": "allerion",
            "terraform_labels": {},
            "timeouts": null,
            "update_time": "2026-04-19T10:53:03.639956Z",
            "virtual_repository_config": []
          },
          "sensitive_attributes": [],
          "private": "eyJlMmJmYjczMC1lY2FhLTExZTYtOGY4OC0zNDM2M2JjN2M0YzAiOnsiY3JlYXRlIjoxMjAwMDAwMDAwMDAwLCJkZWxldGUiOjEyMDAwMDAwMDAwMDAsInVwZGF0ZSI6MTIwMDAwMDAwMDAwMH19"
        }
      ]
    },
    {
      "mode": "managed",
      "type": "google_cloud_run_v2_service",
      "name": "allerion",
      "provider": "provider[\"registry.terraform.io/hashicorp/google\"]",
      "instances": [
        {
          "schema_version": 0,
          "attributes": {
            "annotations": {},
            "binary_authorization": [],
            "client": "",
            "client_version": "",
            "conditions": [
              {
                "execution_reason": "",
                "last_transition_time": "2026-04-19T10:54:00.408246Z",
                "message": "",
                "reason": "",
                "revision_reason": "",
                "severity": "",
                "state": "CONDITION_SUCCEEDED",
                "type": "RoutesReady"
              },
              {
                "execution_reason": "",
                "last_transition_time": "2026-04-19T10:53:50.358427Z",
                "message": "",
                "reason": "",
                "revision_reason": "",
                "severity": "",
                "state": "CONDITION_SUCCEEDED",
                "type": "ConfigurationsReady"
              }
            ],
            "create_time": "2026-04-19T10:53:42.632617Z",
            "creator": "datahacks-481@datahacks26-493800.iam.gserviceaccount.com",
            "custom_audiences": [],
            "delete_time": "",
            "description": "",
            "effective_annotations": {},
            "effective_labels": {},
            "etag": "\"CLboks8GEKjw060C/cHJvamVjdHMvZGF0YWhhY2tzMjYtNDkzODAwL2xvY2F0aW9ucy91cy1jZW50cmFsMS9zZXJ2aWNlcy9hbGxlcmlvbg\"",
            "expire_time": "",
            "generation": "1",
            "id": "projects/datahacks26-493800/locations/us-central1/services/allerion",
            "ingress": "INGRESS_TRAFFIC_ALL",
            "labels": {},
            "last_modifier": "datahacks-481@datahacks26-493800.iam.gserviceaccount.com",
            "latest_created_revision": "projects/datahacks26-493800/locations/us-central1/services/allerion/revisions/allerion-00001-mlg",
            "latest_ready_revision": "projects/datahacks26-493800/locations/us-central1/services/allerion/revisions/allerion-00001-mlg",
            "launch_stage": "GA",
            "location": "us-central1",
            "name": "allerion",
            "observed_generation": "1",
            "project": "datahacks26-493800",
            "reconciling": false,
            "template": [
              {
                "annotations": {},
                "containers": [
                  {
                    "args": [],
                    "command": [],
                    "depends_on": [],
                    "env": [
                      {
                        "name": "USE_FIRESTORE",
                        "value": "true",
                        "value_source": []
                      },
                      {
                        "name": "GCP_PROJECT_ID",
                        "value": "datahacks26-493800",
                        "value_source": []
                      },
                      {
                        "name": "GOOGLE_POLLEN_API_KEY",
                        "value": "AIzaSyAwZqzxRvrz3yngJU-aD8KA8Kgd1JtjI9M",
                        "value_source": []
                      },
                      {
                        "name": "GEMINI_API_KEY",
                        "value": "AIzaSyCi_Yz95TC5ABWnj4dV92oQ7Fu3UvQgUtc",
                        "value_source": []
                      },
                      {
                        "name": "GEMINI_MODEL",
                        "value": "gemini-2.5-flash",
                        "value_source": []
                      },
                      {
                        "name": "INAT_APP_ID",
                        "value": "",
                        "value_source": []
                      }
                    ],
                    "image": "us-central1-docker.pkg.dev/datahacks26-493800/allerion/backend:latest",
                    "liveness_probe": [],
                    "name": "",
                    "ports": [
                      {
                        "container_port": 8080,
                        "name": "http1"
                      }
                    ],
                    "resources": [
                      {
                        "cpu_idle": false,
                        "limits": {
                          "cpu": "1",
                          "memory": "512Mi"
                        },
                        "startup_cpu_boost": false
                      }
                    ],
                    "startup_probe": [
                      {
                        "failure_threshold": 3,
                        "grpc": [],
                        "http_get": [
                          {
                            "http_headers": [],
                            "path": "/api/species",
                            "port": 8080
                          }
                        ],
                        "initial_delay_seconds": 2,
                        "period_seconds": 5,
                        "tcp_socket": [],
                        "timeout_seconds": 1
                      }
                    ],
                    "volume_mounts": [],
                    "working_dir": ""
                  }
                ],
                "encryption_key": "",
                "execution_environment": "",
                "labels": {},
                "max_instance_request_concurrency": 80,
                "revision": "",
                "scaling": [
                  {
                    "max_instance_count": 3,
                    "min_instance_count": 0
                  }
                ],
                "service_account": "allerion-run@datahacks26-493800.iam.gserviceaccount.com",
                "session_affinity": false,
                "timeout": "120s",
                "volumes": [],
                "vpc_access": []
              }
            ],
            "terminal_condition": [
              {
                "execution_reason": "",
                "last_transition_time": "2026-04-19T10:54:00.444337Z",
                "message": "",
                "reason": "",
                "revision_reason": "",
                "severity": "",
                "state": "CONDITION_SUCCEEDED",
                "type": "Ready"
              }
            ],
            "terraform_labels": {},
            "timeouts": null,
            "traffic": [
              {
                "percent": 100,
                "revision": "",
                "tag": "",
                "type": "TRAFFIC_TARGET_ALLOCATION_TYPE_LATEST"
              }
            ],
            "traffic_statuses": [
              {
                "percent": 100,
                "revision": "",
                "tag": "",
                "type": "TRAFFIC_TARGET_ALLOCATION_TYPE_LATEST",
                "uri": ""
              }
            ],
            "uid": "4068db4f-634e-4930-8c8a-99359cd04478",
            "update_time": "2026-04-19T10:53:42.632617Z",
            "uri": "https://allerion-yho3hnnula-uc.a.run.app"
          },
          "sensitive_attributes": [
            [
              {
                "type": "get_attr",
                "value": "template"
              },
              {
                "type": "index",
                "value": {
                  "value": 0,
                  "type": "number"
                }
              },
              {
                "type": "get_attr",
                "value": "containers"
              },
              {
                "type": "index",
                "value": {
                  "value": 0,
                  "type": "number"
                }
              },
              {
                "type": "get_attr",
                "value": "env"
              },
              {
                "type": "index",
                "value": {
                  "value": 2,
                  "type": "number"
                }
              },
              {
                "type": "get_attr",
                "value": "value"
              }
            ],
            [
              {
                "type": "get_attr",
                "value": "template"
              },
              {
                "type": "index",
                "value": {
                  "value": 0,
                  "type": "number"
                }
              },
              {
                "type": "get_attr",
                "value": "containers"
              },
              {
                "type": "index",
                "value": {
                  "value": 0,
                  "type": "number"
                }
              },
              {
                "type": "get_attr",
                "value": "env"
              },
              {
                "type": "index",
                "value": {
                  "value": 3,
                  "type": "number"
                }
              },
              {
                "type": "get_attr",
                "value": "value"
              }
            ]
          ],
          "private": "eyJlMmJmYjczMC1lY2FhLTExZTYtOGY4OC0zNDM2M2JjN2M0YzAiOnsiY3JlYXRlIjoxMjAwMDAwMDAwMDAwLCJkZWxldGUiOjEyMDAwMDAwMDAwMDAsInVwZGF0ZSI6MTIwMDAwMDAwMDAwMH0sInNjaGVtYV92ZXJzaW9uIjoiMCJ9",
          "dependencies": [
            "google_artifact_registry_repository.allerion",
            "google_service_account.allerion"
          ]
        }
      ]
    },
    {
      "mode": "managed",
      "type": "google_cloud_run_v2_service_iam_member",
      "name": "public",
      "provider": "provider[\"registry.terraform.io/hashicorp/google\"]",
      "instances": [
        {
          "schema_version": 0,
          "attributes": {
            "condition": [],
            "etag": "BwZPzgG+heo=",
            "id": "projects/datahacks26-493800/locations/us-central1/services/allerion/roles/run.invoker/allUsers",
            "location": "us-central1",
            "member": "allUsers",
            "name": "projects/datahacks26-493800/locations/us-central1/services/allerion",
            "project": "datahacks26-493800",
            "role": "roles/run.invoker"
          },
          "sensitive_attributes": [],
          "private": "bnVsbA==",
          "dependencies": [
            "google_artifact_registry_repository.allerion",
            "google_cloud_run_v2_service.allerion",
            "google_service_account.allerion"
          ]
        }
      ]
    },
    {
      "mode": "managed",
      "type": "google_cloud_run_v2_service_iam_member",
      "name": "scheduler_invoke",
      "provider": "provider[\"registry.terraform.io/hashicorp/google\"]",
      "instances": [
        {
          "schema_version": 0,
          "attributes": {
            "condition": [],
            "etag": "BwZPzgG+heo=",
            "id": "projects/datahacks26-493800/locations/us-central1/services/allerion/roles/run.invoker/serviceAccount:allerion-scheduler@datahacks26-493800.iam.gserviceaccount.com",
            "location": "us-central1",
            "member": "serviceAccount:allerion-scheduler@datahacks26-493800.iam.gserviceaccount.com",
            "name": "projects/datahacks26-493800/locations/us-central1/services/allerion",
            "project": "datahacks26-493800",
            "role": "roles/run.invoker"
          },
          "sensitive_attributes": [],
          "private": "bnVsbA==",
          "dependencies": [
            "google_artifact_registry_repository.allerion",
            "google_cloud_run_v2_service.allerion",
            "google_service_account.allerion",
            "google_service_account.scheduler"
          ]
        }
      ]
    },
    {
      "mode": "managed",
      "type": "google_cloud_scheduler_job",
      "name": "alerts",
      "provider": "provider[\"registry.terraform.io/hashicorp/google\"]",
      "instances": [
        {
          "schema_version": 0,
          "attributes": {
            "app_engine_http_target": [],
            "attempt_deadline": "180s",
            "description": "",
            "http_target": [
              {
                "body": "",
                "headers": {
                  "Content-Type": "application/json"
                },
                "http_method": "POST",
                "oauth_token": [],
                "oidc_token": [
                  {
                    "audience": "https://allerion-yho3hnnula-uc.a.run.app/api/alerts/check",
                    "service_account_email": "allerion-scheduler@datahacks26-493800.iam.gserviceaccount.com"
                  }
                ],
                "uri": "https://allerion-yho3hnnula-uc.a.run.app/api/alerts/check"
              }
            ],
            "id": "projects/datahacks26-493800/locations/us-central1/jobs/allerion-alerts",
            "name": "allerion-alerts",
            "paused": false,
            "project": "datahacks26-493800",
            "pubsub_target": [],
            "region": "us-central1",
            "retry_config": [],
            "schedule": "30 5,11,17 * * *",
            "state": "ENABLED",
            "time_zone": "UTC",
            "timeouts": null
          },
          "sensitive_attributes": [],
          "private": "eyJlMmJmYjczMC1lY2FhLTExZTYtOGY4OC0zNDM2M2JjN2M0YzAiOnsiY3JlYXRlIjoxMjAwMDAwMDAwMDAwLCJkZWxldGUiOjEyMDAwMDAwMDAwMDAsInVwZGF0ZSI6MTIwMDAwMDAwMDAwMH19",
          "dependencies": [
            "google_artifact_registry_repository.allerion",
            "google_cloud_run_v2_service.allerion",
            "google_service_account.allerion",
            "google_service_account.scheduler"
          ]
        }
      ]
    },
    {
      "mode": "managed",
      "type": "google_cloud_scheduler_job",
      "name": "ingest",
      "provider": "provider[\"registry.terraform.io/hashicorp/google\"]",
      "instances": [
        {
          "schema_version": 0,
          "attributes": {
            "app_engine_http_target": [],
            "attempt_deadline": "180s",
            "description": "",
            "http_target": [
              {
                "body": "eyJyZWdpb25zIjpbeyJuYW1lIjoic2FuX2RpZWdvIiwic3dsYXQiOjMyLjUsInN3bG5nIjotMTE3LjMsIm5lbGF0IjozMy4xLCJuZWxuZyI6LTExNi44fV19Cg==",
                "headers": {
                  "Content-Type": "application/json"
                },
                "http_method": "POST",
                "oauth_token": [],
                "oidc_token": [
                  {
                    "audience": "https://allerion-yho3hnnula-uc.a.run.app/api/ingest/delta",
                    "service_account_email": "allerion-scheduler@datahacks26-493800.iam.gserviceaccount.com"
                  }
                ],
                "uri": "https://allerion-yho3hnnula-uc.a.run.app/api/ingest/delta"
              }
            ],
            "id": "projects/datahacks26-493800/locations/us-central1/jobs/allerion-ingest",
            "name": "allerion-ingest",
            "paused": false,
            "project": "datahacks26-493800",
            "pubsub_target": [],
            "region": "us-central1",
            "retry_config": [],
            "schedule": "0 */6 * * *",
            "state": "ENABLED",
            "time_zone": "UTC",
            "timeouts": null
          },
          "sensitive_attributes": [],
          "private": "eyJlMmJmYjczMC1lY2FhLTExZTYtOGY4OC0zNDM2M2JjN2M0YzAiOnsiY3JlYXRlIjoxMjAwMDAwMDAwMDAwLCJkZWxldGUiOjEyMDAwMDAwMDAwMDAsInVwZGF0ZSI6MTIwMDAwMDAwMDAwMH19",
          "dependencies": [
            "google_artifact_registry_repository.allerion",
            "google_cloud_run_v2_service.allerion",
            "google_service_account.allerion",
            "google_service_account.scheduler"
          ]
        }
      ]
    },
    {
      "mode": "managed",
      "type": "google_firestore_database",
      "name": "default",
      "provider": "provider[\"registry.terraform.io/hashicorp/google\"]",
      "instances": [
        {
          "schema_version": 0,
          "attributes": {
            "app_engine_integration_mode": "DISABLED",
            "cmek_config": [],
            "concurrency_mode": "PESSIMISTIC",
            "create_time": "",
            "delete_protection_state": "DELETE_PROTECTION_DISABLED",
            "deletion_policy": "ABANDON",
            "earliest_version_time": "2026-04-19T10:21:32.413180Z",
            "etag": "IP3R/Ojh+ZMDMK2at5/a+ZMD",
            "id": "projects/datahacks26-493800/databases/(default)",
            "key_prefix": "",
            "location_id": "us-central1",
            "name": "(default)",
            "point_in_time_recovery_enablement": "POINT_IN_TIME_RECOVERY_DISABLED",
            "project": "datahacks26-493800",
            "timeouts": null,
            "type": "FIRESTORE_NATIVE",
            "uid": "ae53e929-dc39-4c61-86e8-b2e0504e2540",
            "update_time": "",
            "version_retention_period": "3600s"
          },
          "sensitive_attributes": [],
          "private": "eyJlMmJmYjczMC1lY2FhLTExZTYtOGY4OC0zNDM2M2JjN2M0YzAiOnsiY3JlYXRlIjoxMjAwMDAwMDAwMDAwLCJkZWxldGUiOjEyMDAwMDAwMDAwMDAsInVwZGF0ZSI6MTIwMDAwMDAwMDAwMH0sInNjaGVtYV92ZXJzaW9uIjoiMCJ9"
        }
      ]
    },
    {
      "mode": "managed",
      "type": "google_firestore_index",
      "name": "obs_h3_time",
      "provider": "provider[\"registry.terraform.io/hashicorp/google\"]",
      "instances": [
        {
          "schema_version": 0,
          "attributes": {
            "api_scope": "ANY_API",
            "collection": "observations",
            "database": "(default)",
            "fields": [
              {
                "array_config": "",
                "field_path": "h3_cell",
                "order": "ASCENDING",
                "vector_config": []
              },
              {
                "array_config": "",
                "field_path": "observed_at",
                "order": "ASCENDING",
                "vector_config": []
              },
              {
                "array_config": "",
                "field_path": "__name__",
                "order": "ASCENDING",
                "vector_config": []
              }
            ],
            "id": "projects/datahacks26-493800/databases/(default)/collectionGroups/observations/indexes/CICAgOi3kJAK",
            "name": "projects/datahacks26-493800/databases/(default)/collectionGroups/observations/indexes/CICAgOi3kJAK",
            "project": "datahacks26-493800",
            "query_scope": "COLLECTION",
            "timeouts": null
          },
          "sensitive_attributes": [],
          "private": "eyJlMmJmYjczMC1lY2FhLTExZTYtOGY4OC0zNDM2M2JjN2M0YzAiOnsiY3JlYXRlIjoxMjAwMDAwMDAwMDAwLCJkZWxldGUiOjEyMDAwMDAwMDAwMDB9LCJzY2hlbWFfdmVyc2lvbiI6IjAifQ==",
          "dependencies": [
            "google_firestore_database.default"
          ]
        }
      ]
    },
    {
      "mode": "managed",
      "type": "google_project_iam_member",
      "name": "fcm",
      "provider": "provider[\"registry.terraform.io/hashicorp/google\"]",
      "instances": [
        {
          "schema_version": 0,
          "attributes": {
            "condition": [],
            "etag": "BwZPzf8JcIs=",
            "id": "datahacks26-493800/roles/firebasecloudmessaging.admin/serviceAccount:allerion-run@datahacks26-493800.iam.gserviceaccount.com",
            "member": "serviceAccount:allerion-run@datahacks26-493800.iam.gserviceaccount.com",
            "project": "datahacks26-493800",
            "role": "roles/firebasecloudmessaging.admin"
          },
          "sensitive_attributes": [],
          "private": "bnVsbA==",
          "dependencies": [
            "google_service_account.allerion"
          ]
        }
      ]
    },
    {
      "mode": "managed",
      "type": "google_project_iam_member",
      "name": "firestore",
      "provider": "provider[\"registry.terraform.io/hashicorp/google\"]",
      "instances": [
        {
          "schema_version": 0,
          "attributes": {
            "condition": [],
            "etag": "BwZPzf8JcIs=",
            "id": "datahacks26-493800/roles/datastore.user/serviceAccount:allerion-run@datahacks26-493800.iam.gserviceaccount.com",
            "member": "serviceAccount:allerion-run@datahacks26-493800.iam.gserviceaccount.com",
            "project": "datahacks26-493800",
            "role": "roles/datastore.user"
          },
          "sensitive_attributes": [],
          "private": "bnVsbA==",
          "dependencies": [
            "google_service_account.allerion"
          ]
        }
      ]
    },
    {
      "mode": "managed",
      "type": "google_service_account",
      "name": "allerion",
      "provider": "provider[\"registry.terraform.io/hashicorp/google\"]",
      "instances": [
        {
          "schema_version": 0,
          "attributes": {
            "account_id": "allerion-run",
            "create_ignore_already_exists": null,
            "description": "",
            "disabled": false,
            "display_name": "Allerion Cloud Run",
            "email": "allerion-run@datahacks26-493800.iam.gserviceaccount.com",
            "id": "projects/datahacks26-493800/serviceAccounts/allerion-run@datahacks26-493800.iam.gserviceaccount.com",
            "member": "serviceAccount:allerion-run@datahacks26-493800.iam.gserviceaccount.com",
            "name": "projects/datahacks26-493800/serviceAccounts/allerion-run@datahacks26-493800.iam.gserviceaccount.com",
            "project": "datahacks26-493800",
            "timeouts": null,
            "unique_id": "104702165117986314427"
          },
          "sensitive_attributes": [],
          "private": "eyJlMmJmYjczMC1lY2FhLTExZTYtOGY4OC0zNDM2M2JjN2M0YzAiOnsiY3JlYXRlIjozMDAwMDAwMDAwMDB9fQ=="
        }
      ]
    },
    {
      "mode": "managed",
      "type": "google_service_account",
      "name": "scheduler",
      "provider": "provider[\"registry.terraform.io/hashicorp/google\"]",
      "instances": [
        {
          "schema_version": 0,
          "attributes": {
            "account_id": "allerion-scheduler",
            "create_ignore_already_exists": null,
            "description": "",
            "disabled": false,
            "display_name": "Allerion Scheduler",
            "email": "allerion-scheduler@datahacks26-493800.iam.gserviceaccount.com",
            "id": "projects/datahacks26-493800/serviceAccounts/allerion-scheduler@datahacks26-493800.iam.gserviceaccount.com",
            "member": "serviceAccount:allerion-scheduler@datahacks26-493800.iam.gserviceaccount.com",
            "name": "projects/datahacks26-493800/serviceAccounts/allerion-scheduler@datahacks26-493800.iam.gserviceaccount.com",
            "project": "datahacks26-493800",
            "timeouts": null,
            "unique_id": "103706093588571441255"
          },
          "sensitive_attributes": [],
          "private": "eyJlMmJmYjczMC1lY2FhLTExZTYtOGY4OC0zNDM2M2JjN2M0YzAiOnsiY3JlYXRlIjozMDAwMDAwMDAwMDB9fQ=="
        }
      ]
    }
  ],
  "check_results": null
}
